
Microsoft Visual Studio Solution File, Format Version 12.00
# Visual Studio Version 17
VisualStudioVersion = 17.10.35027.167
MinimumVisualStudioVersion = 10.0.40219.1
Project("{9A19103F-16F7-4668-BE54-9A1E7A4F7556}") = "ReportHopDong_PhuLuc_Vaccine", "ReportHopDong_PhuLuc_Vaccine.csproj", "{56606FE1-4D0D-4D4A-B9D6-592AB55EBCFF}"
EndProject
Global
	GlobalSection(SolutionConfigurationPlatforms) = preSolution
		Debug|Any CPU = Debug|Any CPU
		Release|Any CPU = Release|Any CPU
	EndGlobalSection
	GlobalSection(ProjectConfigurationPlatforms) = postSolution
		{56606FE1-4D0D-4D4A-B9D6-592AB55EBCFF}.Debug|Any CPU.ActiveCfg = Debug|Any CPU
		{56606FE1-4D0D-4D4A-B9D6-592AB55EBCFF}.Debug|Any CPU.Build.0 = Debug|Any CPU
		{56606FE1-4D0D-4D4A-B9D6-592AB55EBCFF}.Release|Any CPU.ActiveCfg = Release|Any CPU
		{56606FE1-4D0D-4D4A-B9D6-592AB55EBCFF}.Release|Any CPU.Build.0 = Release|Any CPU
	EndGlobalSection
	GlobalSection(SolutionProperties) = preSolution
		HideSolutionNode = FALSE
	EndGlobalSection
	GlobalSection(ExtensibilityGlobals) = postSolution
		SolutionGuid = {24018EE9-31DC-4A1B-AF3D-F9B4885AB54E}
	EndGlobalSection
EndGlobal
